
Microsoft Visual Studio Solution File, Format Version 12.00
# Visual Studio 15
VisualStudioVersion = 15.0.28307.757
MinimumVisualStudioVersion = 10.0.40219.1
Project("{FAE04EC0-301F-11D3-BF4B-00C04F79EFBC}") = "Nemont.WPF.Demo", "Nemont.WPF.Demo\Nemont.WPF.Demo.csproj", "{133D3551-18ED-4660-8DB5-913E76BECD74}"
EndProject
Project("{FAE04EC0-301F-11D3-BF4B-00C04F79EFBC}") = "Nemont.WPF.AppService", "Nemont.WPF.AppService\Nemont.WPF.AppService.csproj", "{C1DD49AD-BFB2-44BD-840F-5AB51ADF12DF}"
EndProject
Project("{FAE04EC0-301F-11D3-BF4B-00C04F79EFBC}") = "Nemont.WPF.Controls", "Nemont.WPF.Controls\Nemont.WPF.Controls.csproj", "{2E613B5D-52EE-4CCB-84E0-D1CC40F80602}"
EndProject
Project("{FAE04EC0-301F-11D3-BF4B-00C04F79EFBC}") = "Nemont.WPF.Controls.Explorer", "Nemont.WPF.Controls.Explorer\Nemont.WPF.Controls.Explorer.csproj", "{A0FD7C08-E443-4452-A74A-B45A46CE1B25}"
EndProject
Global
	GlobalSection(SolutionConfigurationPlatforms) = preSolution
		Debug|Any CPU = Debug|Any CPU
		Release|Any CPU = Release|Any CPU
	EndGlobalSection
	GlobalSection(ProjectConfigurationPlatforms) = postSolution
		{133D3551-18ED-4660-8DB5-913E76BECD74}.Debug|Any CPU.ActiveCfg = Debug|Any CPU
		{133D3551-18ED-4660-8DB5-913E76BECD74}.Debug|Any CPU.Build.0 = Debug|Any CPU
		{133D3551-18ED-4660-8DB5-913E76BECD74}.Release|Any CPU.ActiveCfg = Release|Any CPU
		{133D3551-18ED-4660-8DB5-913E76BECD74}.Release|Any CPU.Build.0 = Release|Any CPU
		{C1DD49AD-BFB2-44BD-840F-5AB51ADF12DF}.Debug|Any CPU.ActiveCfg = Debug|Any CPU
		{C1DD49AD-BFB2-44BD-840F-5AB51ADF12DF}.Debug|Any CPU.Build.0 = Debug|Any CPU
		{C1DD49AD-BFB2-44BD-840F-5AB51ADF12DF}.Release|Any CPU.ActiveCfg = Release|Any CPU
		{C1DD49AD-BFB2-44BD-840F-5AB51ADF12DF}.Release|Any CPU.Build.0 = Release|Any CPU
		{2E613B5D-52EE-4CCB-84E0-D1CC40F80602}.Debug|Any CPU.ActiveCfg = Debug|Any CPU
		{2E613B5D-52EE-4CCB-84E0-D1CC40F80602}.Debug|Any CPU.Build.0 = Debug|Any CPU
		{2E613B5D-52EE-4CCB-84E0-D1CC40F80602}.Release|Any CPU.ActiveCfg = Release|Any CPU
		{2E613B5D-52EE-4CCB-84E0-D1CC40F80602}.Release|Any CPU.Build.0 = Release|Any CPU
		{A0FD7C08-E443-4452-A74A-B45A46CE1B25}.Debug|Any CPU.ActiveCfg = Debug|Any CPU
		{A0FD7C08-E443-4452-A74A-B45A46CE1B25}.Debug|Any CPU.Build.0 = Debug|Any CPU
		{A0FD7C08-E443-4452-A74A-B45A46CE1B25}.Release|Any CPU.ActiveCfg = Release|Any CPU
		{A0FD7C08-E443-4452-A74A-B45A46CE1B25}.Release|Any CPU.Build.0 = Release|Any CPU
	EndGlobalSection
	GlobalSection(SolutionProperties) = preSolution
		HideSolutionNode = FALSE
	EndGlobalSection
	GlobalSection(ExtensibilityGlobals) = postSolution
		SolutionGuid = {A6A2078D-C350-42DA-B640-492E96441B5C}
	EndGlobalSection
EndGlobal
